{
  "name": "monitorcube",
  "version": "1.0.0",
  "lockfileVersion": 2,
  "requires": true,
  "packages": {
    "": {
      "name": "monitorcube",
      "version": "1.0.0",
      "license": "ISC",
      "dependencies": {
        "@types/node-os-utils": "^1.3.0",
        "@types/os-utils": "^0.0.1",
        "node-os-utils": "^1.3.7",
        "os-utils": "^0.0.14"
      },
      "devDependencies": {
        "@types/node": "^18.6.1"
      }
    },
    "node_modules/@types/node": {
      "version": "18.6.1",
      "resolved": "https://registry.npmmirror.com/@types/node/-/node-18.6.1.tgz",
      "integrity": "sha512-z+2vB6yDt1fNwKOeGbckpmirO+VBDuQqecXkgeIqDlaOtmKn6hPR/viQ8cxCfqLU4fTlvM3+YjM367TukWdxpg==",
      "dev": true
    },
    "node_modules/@types/node-os-utils": {
      "version": "1.3.0",
      "resolved": "https://mirrors.tencent.com/npm/@types%2fnode-os-utils/-/node-os-utils-1.3.0.tgz",
      "integrity": "sha512-XwVteWQx/XkfRPyaGkw8dEbrCAkoRZ73pI3XznUYIpzbCfpQB3UnDlR5TnmdhetlT889tUJGF8QWo9xrgTpsiA==",
      "license": "MIT"
    },
    "node_modules/@types/os-utils": {
      "version": "0.0.1",
      "resolved": "https://mirrors.tencent.com/npm/@types%2fos-utils/-/os-utils-0.0.1.tgz",
      "integrity": "sha512-r5a1I4xr8e25GFiLdpHV+jHUawtbmtuCQHR1P3SH/Y1gmRy0KLjBVGe5uUkODU/6GntoGPhOu05jv+sBdAVpog==",
      "license": "MIT"
    },
    "node_modules/node-os-utils": {
      "version": "1.3.7",
      "resolved": "https://mirrors.tencent.com/npm/node-os-utils/-/node-os-utils-1.3.7.tgz",
      "integrity": "sha512-fvnX9tZbR7WfCG5BAy3yO/nCLyjVWD6MghEq0z5FDfN+ZXpLWNITBdbifxQkQ25ebr16G0N7eRWJisOcMEHG3Q==",
      "license": "MIT"
    },
    "node_modules/os-utils": {
      "version": "0.0.14",
      "resolved": "https://mirrors.tencent.com/npm/os-utils/-/os-utils-0.0.14.tgz",
      "integrity": "sha1-KeURaXsZgrjGJ3Ihdf45eX72QVY=",
      "license": "MIT",
      "engines": {
        "node": "*"
      }
    }
  },
  "dependencies": {
    "@types/node": {
      "version": "18.6.1",
      "resolved": "https://registry.npmmirror.com/@types/node/-/node-18.6.1.tgz",
      "integrity": "sha512-z+2vB6yDt1fNwKOeGbckpmirO+VBDuQqecXkgeIqDlaOtmKn6hPR/viQ8cxCfqLU4fTlvM3+YjM367TukWdxpg==",
      "dev": true
    },
    "@types/node-os-utils": {
      "version": "1.3.0",
      "resolved": "https://mirrors.tencent.com/npm/@types%2fnode-os-utils/-/node-os-utils-1.3.0.tgz",
      "integrity": "sha512-XwVteWQx/XkfRPyaGkw8dEbrCAkoRZ73pI3XznUYIpzbCfpQB3UnDlR5TnmdhetlT889tUJGF8QWo9xrgTpsiA=="
    },
    "@types/os-utils": {
      "version": "0.0.1",
      "resolved": "https://mirrors.tencent.com/npm/@types%2fos-utils/-/os-utils-0.0.1.tgz",
      "integrity": "sha512-r5a1I4xr8e25GFiLdpHV+jHUawtbmtuCQHR1P3SH/Y1gmRy0KLjBVGe5uUkODU/6GntoGPhOu05jv+sBdAVpog=="
    },
    "node-os-utils": {
      "version": "1.3.7",
      "resolved": "https://mirrors.tencent.com/npm/node-os-utils/-/node-os-utils-1.3.7.tgz",
      "integrity": "sha512-fvnX9tZbR7WfCG5BAy3yO/nCLyjVWD6MghEq0z5FDfN+ZXpLWNITBdbifxQkQ25ebr16G0N7eRWJisOcMEHG3Q=="
    },
    "os-utils": {
      "version": "0.0.14",
      "resolved": "https://mirrors.tencent.com/npm/os-utils/-/os-utils-0.0.14.tgz",
      "integrity": "sha1-KeURaXsZgrjGJ3Ihdf45eX72QVY="
    }
  }
}
